
Microsoft Visual Studio Solution File, Format Version 12.00
# Visual Studio 2015
Project("{FAE04EC0-301F-11D3-BF4B-00C04F79EFBC}") = "VRTelescope.CSharp", "VRTelescope.CSharp.csproj", "{94F9899C-C239-51CE-C71A-B8B234DCE7EA}"
EndProject
Global
	GlobalSection(SolutionConfigurationPlatforms) = preSolution
		Debug|Any CPU = Debug|Any CPU
		Release|Any CPU = Release|Any CPU
	EndGlobalSection
	GlobalSection(ProjectConfigurationPlatforms) = postSolution
		{94F9899C-C239-51CE-C71A-B8B234DCE7EA}.Debug|Any CPU.ActiveCfg = Debug|Any CPU
		{94F9899C-C239-51CE-C71A-B8B234DCE7EA}.Debug|Any CPU.Build.0 = Debug|Any CPU
		{94F9899C-C239-51CE-C71A-B8B234DCE7EA}.Release|Any CPU.ActiveCfg = Release|Any CPU
		{94F9899C-C239-51CE-C71A-B8B234DCE7EA}.Release|Any CPU.Build.0 = Release|Any CPU
	EndGlobalSection
	GlobalSection(SolutionProperties) = preSolution
		HideSolutionNode = FALSE
	EndGlobalSection
EndGlobal
